
Microsoft Visual Studio Solution File, Format Version 12.00
# Visual Studio 15
VisualStudioVersion = 15.0.27130.2010
MinimumVisualStudioVersion = 10.0.40219.1
Project("{FAE04EC0-301F-11D3-BF4B-00C04F79EFBC}") = "dev.Api", "dev.API\dev.Api.csproj", "{0289FC2E-3556-45F1-B063-599CEA4C0A90}"
EndProject
Project("{FAE04EC0-301F-11D3-BF4B-00C04F79EFBC}") = "dev.Business", "dev.Business\dev.Business.csproj", "{63882F92-A9A2-4427-97E1-1ABB497F1EC1}"
EndProject
Project("{FAE04EC0-301F-11D3-BF4B-00C04F79EFBC}") = "dev.Entities", "dev.Entities\dev.Entities.csproj", "{526B18FF-2F29-4080-9872-2B63AAA1C446}"
EndProject
Global
	GlobalSection(SolutionConfigurationPlatforms) = preSolution
		Debug|Any CPU = Debug|Any CPU
		Release|Any CPU = Release|Any CPU
	EndGlobalSection
	GlobalSection(ProjectConfigurationPlatforms) = postSolution
		{0289FC2E-3556-45F1-B063-599CEA4C0A90}.Debug|Any CPU.ActiveCfg = Debug|Any CPU
		{0289FC2E-3556-45F1-B063-599CEA4C0A90}.Debug|Any CPU.Build.0 = Debug|Any CPU
		{0289FC2E-3556-45F1-B063-599CEA4C0A90}.Release|Any CPU.ActiveCfg = Release|Any CPU
		{0289FC2E-3556-45F1-B063-599CEA4C0A90}.Release|Any CPU.Build.0 = Release|Any CPU
		{63882F92-A9A2-4427-97E1-1ABB497F1EC1}.Debug|Any CPU.ActiveCfg = Debug|Any CPU
		{63882F92-A9A2-4427-97E1-1ABB497F1EC1}.Debug|Any CPU.Build.0 = Debug|Any CPU
		{63882F92-A9A2-4427-97E1-1ABB497F1EC1}.Release|Any CPU.ActiveCfg = Release|Any CPU
		{63882F92-A9A2-4427-97E1-1ABB497F1EC1}.Release|Any CPU.Build.0 = Release|Any CPU
		{526B18FF-2F29-4080-9872-2B63AAA1C446}.Debug|Any CPU.ActiveCfg = Debug|Any CPU
		{526B18FF-2F29-4080-9872-2B63AAA1C446}.Debug|Any CPU.Build.0 = Debug|Any CPU
		{526B18FF-2F29-4080-9872-2B63AAA1C446}.Release|Any CPU.ActiveCfg = Release|Any CPU
		{526B18FF-2F29-4080-9872-2B63AAA1C446}.Release|Any CPU.Build.0 = Release|Any CPU
	EndGlobalSection
	GlobalSection(SolutionProperties) = preSolution
		HideSolutionNode = FALSE
	EndGlobalSection
	GlobalSection(ExtensibilityGlobals) = postSolution
		SolutionGuid = {1F3C582F-0ED1-42E5-900F-2AAC9700120A}
	EndGlobalSection
EndGlobal
